{
    "name": "datapack-language-server",
    "version": "0.0.1",
    "lockfileVersion": 1,
    "requires": true,
    "dependencies": {
        "@types/node": {
            "version": "10.1.3",
            "resolved": "https://registry.npmjs.org/@types/node/-/node-10.1.3.tgz",
            "integrity": "sha512-GiCx7dRvta0hbxXoJFAUxz+CKX6bZSCKjM5slq2vPp/5zwK01T4ibYZkGr6EN4F2QmxDQR76/ZHg6q+7iFWCWw=="
        }
    }
}
